
Microsoft Visual Studio Solution File, Format Version 12.00
# Visual Studio Version 16
VisualStudioVersion = 16.0.29326.143
MinimumVisualStudioVersion = 10.0.40219.1
Project("{FAE04EC0-301F-11D3-BF4B-00C04F79EFBC}") = "NationalSweepStakes", "NationalSweepStakes\NationalSweepStakes.csproj", "{3D69AD3D-5C91-45BC-A047-B73A65621BAB}"
EndProject
Global
	GlobalSection(SolutionConfigurationPlatforms) = preSolution
		Debug|Any CPU = Debug|Any CPU
		Release|Any CPU = Release|Any CPU
	EndGlobalSection
	GlobalSection(ProjectConfigurationPlatforms) = postSolution
		{3D69AD3D-5C91-45BC-A047-B73A65621BAB}.Debug|Any CPU.ActiveCfg = Debug|Any CPU
		{3D69AD3D-5C91-45BC-A047-B73A65621BAB}.Debug|Any CPU.Build.0 = Debug|Any CPU
		{3D69AD3D-5C91-45BC-A047-B73A65621BAB}.Release|Any CPU.ActiveCfg = Release|Any CPU
		{3D69AD3D-5C91-45BC-A047-B73A65621BAB}.Release|Any CPU.Build.0 = Release|Any CPU
	EndGlobalSection
	GlobalSection(SolutionProperties) = preSolution
		HideSolutionNode = FALSE
	EndGlobalSection
	GlobalSection(ExtensibilityGlobals) = postSolution
		SolutionGuid = {95428CF9-064E-4282-BB97-EB5AED8F950B}
	EndGlobalSection
EndGlobal
